
Microsoft Visual Studio Solution File, Format Version 12.00
# Visual Studio Version 16
VisualStudioVersion = 16.0.32002.261
MinimumVisualStudioVersion = 10.0.40219.1
Project("{FAE04EC0-301F-11D3-BF4B-00C04F79EFBC}") = "OpenWeatherMap-Exercise", "OpenWeatherMap-Exercise\OpenWeatherMap-Exercise.csproj", "{C7F16EEA-DEA1-4A9E-9091-7A1B49FCA303}"
EndProject
Global
	GlobalSection(SolutionConfigurationPlatforms) = preSolution
		Debug|Any CPU = Debug|Any CPU
		Release|Any CPU = Release|Any CPU
	EndGlobalSection
	GlobalSection(ProjectConfigurationPlatforms) = postSolution
		{C7F16EEA-DEA1-4A9E-9091-7A1B49FCA303}.Debug|Any CPU.ActiveCfg = Debug|Any CPU
		{C7F16EEA-DEA1-4A9E-9091-7A1B49FCA303}.Debug|Any CPU.Build.0 = Debug|Any CPU
		{C7F16EEA-DEA1-4A9E-9091-7A1B49FCA303}.Release|Any CPU.ActiveCfg = Release|Any CPU
		{C7F16EEA-DEA1-4A9E-9091-7A1B49FCA303}.Release|Any CPU.Build.0 = Release|Any CPU
	EndGlobalSection
	GlobalSection(SolutionProperties) = preSolution
		HideSolutionNode = FALSE
	EndGlobalSection
	GlobalSection(ExtensibilityGlobals) = postSolution
		SolutionGuid = {EE21BCD5-FAFF-4845-A384-54EC82E8FA67}
	EndGlobalSection
EndGlobal
